
Microsoft Visual Studio Solution File, Format Version 12.00
Project("{F2A71F9B-5D33-465A-A702-920D77279786}") = "TypeProviderErrorReproduction", "TypeProviderErrorReproduction\TypeProviderErrorReproduction.fsproj", "{040D4DA2-D71F-4838-9C17-0E8622C9FF29}"
EndProject
Global
	GlobalSection(SolutionConfigurationPlatforms) = preSolution
		Debug|Any CPU = Debug|Any CPU
		Release|Any CPU = Release|Any CPU
	EndGlobalSection
	GlobalSection(ProjectConfigurationPlatforms) = postSolution
		{040D4DA2-D71F-4838-9C17-0E8622C9FF29}.Debug|Any CPU.ActiveCfg = Debug|Any CPU
		{040D4DA2-D71F-4838-9C17-0E8622C9FF29}.Debug|Any CPU.Build.0 = Debug|Any CPU
		{040D4DA2-D71F-4838-9C17-0E8622C9FF29}.Release|Any CPU.ActiveCfg = Release|Any CPU
		{040D4DA2-D71F-4838-9C17-0E8622C9FF29}.Release|Any CPU.Build.0 = Release|Any CPU
	EndGlobalSection
EndGlobal
